
Microsoft Visual Studio Solution File, Format Version 12.00
# Visual Studio 15
VisualStudioVersion = 15.0.28010.2016
MinimumVisualStudioVersion = 10.0.40219.1
Project("{FAE04EC0-301F-11D3-BF4B-00C04F79EFBC}") = "EnterpriseMobileApp.Android", "EnterpriseMobileApp\EnterpriseMobileApp.Android\EnterpriseMobileApp.Android.csproj", "{F2ED844D-9C63-4C8C-A632-78B8DD8C5628}"
EndProject
Project("{FAE04EC0-301F-11D3-BF4B-00C04F79EFBC}") = "EnterpriseMobileApp.iOS", "EnterpriseMobileApp\EnterpriseMobileApp.iOS\EnterpriseMobileApp.iOS.csproj", "{7F9CE0E6-3BEF-4D83-BAC7-3410E08B560B}"
EndProject
Project("{9A19103F-16F7-4668-BE54-9A1E7A4F7556}") = "EnterpriseMobileApp", "EnterpriseMobileApp\EnterpriseMobileApp\EnterpriseMobileApp.csproj", "{9327B53C-19A4-4456-9CEC-B693A8582BF8}"
EndProject
Project("{FAE04EC0-301F-11D3-BF4B-00C04F79EFBC}") = "EnterpriseMobileApp.Data.Android", "EnterpriseMobileApp.Data\EnterpriseMobileApp.Data.Android\EnterpriseMobileApp.Data.Android.csproj", "{F62B142C-6306-418C-A779-5133291E6A22}"
EndProject
Project("{FAE04EC0-301F-11D3-BF4B-00C04F79EFBC}") = "EnterpriseMobileApp.Data.iOS", "EnterpriseMobileApp.Data\EnterpriseMobileApp.Data.iOS\EnterpriseMobileApp.Data.iOS.csproj", "{E9DA0833-A336-45D3-84F0-6703D0A0570A}"
EndProject
Project("{FAE04EC0-301F-11D3-BF4B-00C04F79EFBC}") = "EnterpriseMobileApp.Data", "EnterpriseMobileApp.Data\EnterpriseMobileApp.Data\EnterpriseMobileApp.Data.csproj", "{806DD0AF-C42D-4303-9BB9-DA12998677E4}"
EndProject
Project("{FAE04EC0-301F-11D3-BF4B-00C04F79EFBC}") = "EnterpriseMobileApp.Net.Android", "EnterpriseMobileApp.Net\EnterpriseMobileApp.Net.Android\EnterpriseMobileApp.Net.Android.csproj", "{F9F58EA2-F4A7-4359-ADDE-2167AC4518E6}"
EndProject
Project("{FAE04EC0-301F-11D3-BF4B-00C04F79EFBC}") = "EnterpriseMobileApp.Net.iOS", "EnterpriseMobileApp.Net\EnterpriseMobileApp.Net.iOS\EnterpriseMobileApp.Net.iOS.csproj", "{566D77B6-85C9-41D8-84F6-10782764CCBE}"
EndProject
Project("{FAE04EC0-301F-11D3-BF4B-00C04F79EFBC}") = "EnterpriseMobileApp.Net", "EnterpriseMobileApp.Net\EnterpriseMobileApp.Net\EnterpriseMobileApp.Net.csproj", "{F8A416CC-79DD-4780-A20F-1BCB456B590E}"
EndProject
Global
	GlobalSection(SolutionConfigurationPlatforms) = preSolution
		Ad-Hoc|Any CPU = Ad-Hoc|Any CPU
		Ad-Hoc|iPhone = Ad-Hoc|iPhone
		Ad-Hoc|iPhoneSimulator = Ad-Hoc|iPhoneSimulator
		AppStore|Any CPU = AppStore|Any CPU
		AppStore|iPhone = AppStore|iPhone
		AppStore|iPhoneSimulator = AppStore|iPhoneSimulator
		Debug|Any CPU = Debug|Any CPU
		Debug|iPhone = Debug|iPhone
		Debug|iPhoneSimulator = Debug|iPhoneSimulator
		Release|Any CPU = Release|Any CPU
		Release|iPhone = Release|iPhone
		Release|iPhoneSimulator = Release|iPhoneSimulator
	EndGlobalSection
	GlobalSection(ProjectConfigurationPlatforms) = postSolution
		{F2ED844D-9C63-4C8C-A632-78B8DD8C5628}.Ad-Hoc|Any CPU.ActiveCfg = Release|Any CPU
		{F2ED844D-9C63-4C8C-A632-78B8DD8C5628}.Ad-Hoc|Any CPU.Build.0 = Release|Any CPU
		{F2ED844D-9C63-4C8C-A632-78B8DD8C5628}.Ad-Hoc|Any CPU.Deploy.0 = Release|Any CPU
		{F2ED844D-9C63-4C8C-A632-78B8DD8C5628}.Ad-Hoc|iPhone.ActiveCfg = Release|Any CPU
		{F2ED844D-9C63-4C8C-A632-78B8DD8C5628}.Ad-Hoc|iPhone.Build.0 = Release|Any CPU
		{F2ED844D-9C63-4C8C-A632-78B8DD8C5628}.Ad-Hoc|iPhone.Deploy.0 = Release|Any CPU
		{F2ED844D-9C63-4C8C-A632-78B8DD8C5628}.Ad-Hoc|iPhoneSimulator.ActiveCfg = Release|Any CPU
		{F2ED844D-9C63-4C8C-A632-78B8DD8C5628}.Ad-Hoc|iPhoneSimulator.Build.0 = Release|Any CPU
		{F2ED844D-9C63-4C8C-A632-78B8DD8C5628}.Ad-Hoc|iPhoneSimulator.Deploy.0 = Release|Any CPU
		{F2ED844D-9C63-4C8C-A632-78B8DD8C5628}.AppStore|Any CPU.ActiveCfg = Release|Any CPU
		{F2ED844D-9C63-4C8C-A632-78B8DD8C5628}.AppStore|Any CPU.Build.0 = Release|Any CPU
		{F2ED844D-9C63-4C8C-A632-78B8DD8C5628}.AppStore|Any CPU.Deploy.0 = Release|Any CPU
		{F2ED844D-9C63-4C8C-A632-78B8DD8C5628}.AppStore|iPhone.ActiveCfg = Release|Any CPU
		{F2ED844D-9C63-4C8C-A632-78B8DD8C5628}.AppStore|iPhone.Build.0 = Release|Any CPU
		{F2ED844D-9C63-4C8C-A632-78B8DD8C5628}.AppStore|iPhone.Deploy.0 = Release|Any CPU
		{F2ED844D-9C63-4C8C-A632-78B8DD8C5628}.AppStore|iPhoneSimulator.ActiveCfg = Release|Any CPU
		{F2ED844D-9C63-4C8C-A632-78B8DD8C5628}.AppStore|iPhoneSimulator.Build.0 = Release|Any CPU
		{F2ED844D-9C63-4C8C-A632-78B8DD8C5628}.AppStore|iPhoneSimulator.Deploy.0 = Release|Any CPU
		{F2ED844D-9C63-4C8C-A632-78B8DD8C5628}.Debug|Any CPU.ActiveCfg = Debug|Any CPU
		{F2ED844D-9C63-4C8C-A632-78B8DD8C5628}.Debug|Any CPU.Build.0 = Debug|Any CPU
		{F2ED844D-9C63-4C8C-A632-78B8DD8C5628}.Debug|Any CPU.Deploy.0 = Debug|Any CPU
		{F2ED844D-9C63-4C8C-A632-78B8DD8C5628}.Debug|iPhone.ActiveCfg = Debug|Any CPU
		{F2ED844D-9C63-4C8C-A632-78B8DD8C5628}.Debug|iPhone.Build.0 = Debug|Any CPU
		{F2ED844D-9C63-4C8C-A632-78B8DD8C5628}.Debug|iPhone.Deploy.0 = Debug|Any CPU
		{F2ED844D-9C63-4C8C-A632-78B8DD8C5628}.Debug|iPhoneSimulator.ActiveCfg = Debug|Any CPU
		{F2ED844D-9C63-4C8C-A632-78B8DD8C5628}.Debug|iPhoneSimulator.Build.0 = Debug|Any CPU
		{F2ED844D-9C63-4C8C-A632-78B8DD8C5628}.Debug|iPhoneSimulator.Deploy.0 = Debug|Any CPU
		{F2ED844D-9C63-4C8C-A632-78B8DD8C5628}.Release|Any CPU.ActiveCfg = Release|Any CPU
		{F2ED844D-9C63-4C8C-A632-78B8DD8C5628}.Release|Any CPU.Build.0 = Release|Any CPU
		{F2ED844D-9C63-4C8C-A632-78B8DD8C5628}.Release|Any CPU.Deploy.0 = Release|Any CPU
		{F2ED844D-9C63-4C8C-A632-78B8DD8C5628}.Release|iPhone.ActiveCfg = Release|Any CPU
		{F2ED844D-9C63-4C8C-A632-78B8DD8C5628}.Release|iPhone.Build.0 = Release|Any CPU
		{F2ED844D-9C63-4C8C-A632-78B8DD8C5628}.Release|iPhone.Deploy.0 = Release|Any CPU
		{F2ED844D-9C63-4C8C-A632-78B8DD8C5628}.Release|iPhoneSimulator.ActiveCfg = Release|Any CPU
		{F2ED844D-9C63-4C8C-A632-78B8DD8C5628}.Release|iPhoneSimulator.Build.0 = Release|Any CPU
		{F2ED844D-9C63-4C8C-A632-78B8DD8C5628}.Release|iPhoneSimulator.Deploy.0 = Release|Any CPU
		{7F9CE0E6-3BEF-4D83-BAC7-3410E08B560B}.Ad-Hoc|Any CPU.ActiveCfg = Ad-Hoc|iPhone
		{7F9CE0E6-3BEF-4D83-BAC7-3410E08B560B}.Ad-Hoc|Any CPU.Build.0 = Ad-Hoc|iPhone
		{7F9CE0E6-3BEF-4D83-BAC7-3410E08B560B}.Ad-Hoc|Any CPU.Deploy.0 = Ad-Hoc|iPhone
		{7F9CE0E6-3BEF-4D83-BAC7-3410E08B560B}.Ad-Hoc|iPhone.ActiveCfg = Ad-Hoc|iPhone
		{7F9CE0E6-3BEF-4D83-BAC7-3410E08B560B}.Ad-Hoc|iPhone.Build.0 = Ad-Hoc|iPhone
		{7F9CE0E6-3BEF-4D83-BAC7-3410E08B560B}.Ad-Hoc|iPhone.Deploy.0 = Ad-Hoc|iPhone
		{7F9CE0E6-3BEF-4D83-BAC7-3410E08B560B}.Ad-Hoc|iPhoneSimulator.ActiveCfg = Ad-Hoc|iPhoneSimulator
		{7F9CE0E6-3BEF-4D83-BAC7-3410E08B560B}.Ad-Hoc|iPhoneSimulator.Build.0 = Ad-Hoc|iPhoneSimulator
		{7F9CE0E6-3BEF-4D83-BAC7-3410E08B560B}.Ad-Hoc|iPhoneSimulator.Deploy.0 = Ad-Hoc|iPhoneSimulator
		{7F9CE0E6-3BEF-4D83-BAC7-3410E08B560B}.AppStore|Any CPU.ActiveCfg = AppStore|iPhone
		{7F9CE0E6-3BEF-4D83-BAC7-3410E08B560B}.AppStore|Any CPU.Build.0 = AppStore|iPhone
		{7F9CE0E6-3BEF-4D83-BAC7-3410E08B560B}.AppStore|Any CPU.Deploy.0 = AppStore|iPhone
		{7F9CE0E6-3BEF-4D83-BAC7-3410E08B560B}.AppStore|iPhone.ActiveCfg = AppStore|iPhone
		{7F9CE0E6-3BEF-4D83-BAC7-3410E08B560B}.AppStore|iPhone.Build.0 = AppStore|iPhone
		{7F9CE0E6-3BEF-4D83-BAC7-3410E08B560B}.AppStore|iPhone.Deploy.0 = AppStore|iPhone
		{7F9CE0E6-3BEF-4D83-BAC7-3410E08B560B}.AppStore|iPhoneSimulator.ActiveCfg = AppStore|iPhoneSimulator
		{7F9CE0E6-3BEF-4D83-BAC7-3410E08B560B}.AppStore|iPhoneSimulator.Build.0 = AppStore|iPhoneSimulator
		{7F9CE0E6-3BEF-4D83-BAC7-3410E08B560B}.AppStore|iPhoneSimulator.Deploy.0 = AppStore|iPhoneSimulator
		{7F9CE0E6-3BEF-4D83-BAC7-3410E08B560B}.Debug|Any CPU.ActiveCfg = Debug|iPhoneSimulator
		{7F9CE0E6-3BEF-4D83-BAC7-3410E08B560B}.Debug|Any CPU.Build.0 = Debug|iPhoneSimulator
		{7F9CE0E6-3BEF-4D83-BAC7-3410E08B560B}.Debug|Any CPU.Deploy.0 = Debug|iPhoneSimulator
		{7F9CE0E6-3BEF-4D83-BAC7-3410E08B560B}.Debug|iPhone.ActiveCfg = Debug|iPhone
		{7F9CE0E6-3BEF-4D83-BAC7-3410E08B560B}.Debug|iPhone.Build.0 = Debug|iPhone
		{7F9CE0E6-3BEF-4D83-BAC7-3410E08B560B}.Debug|iPhone.Deploy.0 = Debug|iPhone
		{7F9CE0E6-3BEF-4D83-BAC7-3410E08B560B}.Debug|iPhoneSimulator.ActiveCfg = Debug|iPhoneSimulator
		{7F9CE0E6-3BEF-4D83-BAC7-3410E08B560B}.Debug|iPhoneSimulator.Build.0 = Debug|iPhoneSimulator
		{7F9CE0E6-3BEF-4D83-BAC7-3410E08B560B}.Debug|iPhoneSimulator.Deploy.0 = Debug|iPhoneSimulator
		{7F9CE0E6-3BEF-4D83-BAC7-3410E08B560B}.Release|Any CPU.ActiveCfg = Release|iPhone
		{7F9CE0E6-3BEF-4D83-BAC7-3410E08B560B}.Release|Any CPU.Build.0 = Release|iPhone
		{7F9CE0E6-3BEF-4D83-BAC7-3410E08B560B}.Release|Any CPU.Deploy.0 = Release|iPhone
		{7F9CE0E6-3BEF-4D83-BAC7-3410E08B560B}.Release|iPhone.ActiveCfg = Release|iPhone
		{7F9CE0E6-3BEF-4D83-BAC7-3410E08B560B}.Release|iPhone.Build.0 = Release|iPhone
		{7F9CE0E6-3BEF-4D83-BAC7-3410E08B560B}.Release|iPhone.Deploy.0 = Release|iPhone
		{7F9CE0E6-3BEF-4D83-BAC7-3410E08B560B}.Release|iPhoneSimulator.ActiveCfg = Release|iPhoneSimulator
		{7F9CE0E6-3BEF-4D83-BAC7-3410E08B560B}.Release|iPhoneSimulator.Build.0 = Release|iPhoneSimulator
		{7F9CE0E6-3BEF-4D83-BAC7-3410E08B560B}.Release|iPhoneSimulator.Deploy.0 = Release|iPhoneSimulator
		{9327B53C-19A4-4456-9CEC-B693A8582BF8}.Ad-Hoc|Any CPU.ActiveCfg = Debug|Any CPU
		{9327B53C-19A4-4456-9CEC-B693A8582BF8}.Ad-Hoc|Any CPU.Build.0 = Debug|Any CPU
		{9327B53C-19A4-4456-9CEC-B693A8582BF8}.Ad-Hoc|Any CPU.Deploy.0 = Debug|Any CPU
		{9327B53C-19A4-4456-9CEC-B693A8582BF8}.Ad-Hoc|iPhone.ActiveCfg = Debug|Any CPU
		{9327B53C-19A4-4456-9CEC-B693A8582BF8}.Ad-Hoc|iPhone.Build.0 = Debug|Any CPU
		{9327B53C-19A4-4456-9CEC-B693A8582BF8}.Ad-Hoc|iPhone.Deploy.0 = Debug|Any CPU
		{9327B53C-19A4-4456-9CEC-B693A8582BF8}.Ad-Hoc|iPhoneSimulator.ActiveCfg = Debug|Any CPU
		{9327B53C-19A4-4456-9CEC-B693A8582BF8}.Ad-Hoc|iPhoneSimulator.Build.0 = Debug|Any CPU
		{9327B53C-19A4-4456-9CEC-B693A8582BF8}.Ad-Hoc|iPhoneSimulator.Deploy.0 = Debug|Any CPU
		{9327B53C-19A4-4456-9CEC-B693A8582BF8}.AppStore|Any CPU.ActiveCfg = Debug|Any CPU
		{9327B53C-19A4-4456-9CEC-B693A8582BF8}.AppStore|Any CPU.Build.0 = Debug|Any CPU
		{9327B53C-19A4-4456-9CEC-B693A8582BF8}.AppStore|Any CPU.Deploy.0 = Debug|Any CPU
		{9327B53C-19A4-4456-9CEC-B693A8582BF8}.AppStore|iPhone.ActiveCfg = Debug|Any CPU
		{9327B53C-19A4-4456-9CEC-B693A8582BF8}.AppStore|iPhone.Build.0 = Debug|Any CPU
		{9327B53C-19A4-4456-9CEC-B693A8582BF8}.AppStore|iPhone.Deploy.0 = Debug|Any CPU
		{9327B53C-19A4-4456-9CEC-B693A8582BF8}.AppStore|iPhoneSimulator.ActiveCfg = Debug|Any CPU
		{9327B53C-19A4-4456-9CEC-B693A8582BF8}.AppStore|iPhoneSimulator.Build.0 = Debug|Any CPU
		{9327B53C-19A4-4456-9CEC-B693A8582BF8}.AppStore|iPhoneSimulator.Deploy.0 = Debug|Any CPU
		{9327B53C-19A4-4456-9CEC-B693A8582BF8}.Debug|Any CPU.ActiveCfg = Debug|Any CPU
		{9327B53C-19A4-4456-9CEC-B693A8582BF8}.Debug|Any CPU.Build.0 = Debug|Any CPU
		{9327B53C-19A4-4456-9CEC-B693A8582BF8}.Debug|Any CPU.Deploy.0 = Debug|Any CPU
		{9327B53C-19A4-4456-9CEC-B693A8582BF8}.Debug|iPhone.ActiveCfg = Debug|Any CPU
		{9327B53C-19A4-4456-9CEC-B693A8582BF8}.Debug|iPhone.Build.0 = Debug|Any CPU
		{9327B53C-19A4-4456-9CEC-B693A8582BF8}.Debug|iPhone.Deploy.0 = Debug|Any CPU
		{9327B53C-19A4-4456-9CEC-B693A8582BF8}.Debug|iPhoneSimulator.ActiveCfg = Debug|Any CPU
		{9327B53C-19A4-4456-9CEC-B693A8582BF8}.Debug|iPhoneSimulator.Build.0 = Debug|Any CPU
		{9327B53C-19A4-4456-9CEC-B693A8582BF8}.Debug|iPhoneSimulator.Deploy.0 = Debug|Any CPU
		{9327B53C-19A4-4456-9CEC-B693A8582BF8}.Release|Any CPU.ActiveCfg = Release|Any CPU
		{9327B53C-19A4-4456-9CEC-B693A8582BF8}.Release|Any CPU.Build.0 = Release|Any CPU
		{9327B53C-19A4-4456-9CEC-B693A8582BF8}.Release|Any CPU.Deploy.0 = Release|Any CPU
		{9327B53C-19A4-4456-9CEC-B693A8582BF8}.Release|iPhone.ActiveCfg = Release|Any CPU
		{9327B53C-19A4-4456-9CEC-B693A8582BF8}.Release|iPhone.Build.0 = Release|Any CPU
		{9327B53C-19A4-4456-9CEC-B693A8582BF8}.Release|iPhone.Deploy.0 = Release|Any CPU
		{9327B53C-19A4-4456-9CEC-B693A8582BF8}.Release|iPhoneSimulator.ActiveCfg = Release|Any CPU
		{9327B53C-19A4-4456-9CEC-B693A8582BF8}.Release|iPhoneSimulator.Build.0 = Release|Any CPU
		{9327B53C-19A4-4456-9CEC-B693A8582BF8}.Release|iPhoneSimulator.Deploy.0 = Release|Any CPU
		{F62B142C-6306-418C-A779-5133291E6A22}.Ad-Hoc|Any CPU.ActiveCfg = Release|Any CPU
		{F62B142C-6306-418C-A779-5133291E6A22}.Ad-Hoc|Any CPU.Build.0 = Release|Any CPU
		{F62B142C-6306-418C-A779-5133291E6A22}.Ad-Hoc|Any CPU.Deploy.0 = Release|Any CPU
		{F62B142C-6306-418C-A779-5133291E6A22}.Ad-Hoc|iPhone.ActiveCfg = Release|Any CPU
		{F62B142C-6306-418C-A779-5133291E6A22}.Ad-Hoc|iPhone.Build.0 = Release|Any CPU
		{F62B142C-6306-418C-A779-5133291E6A22}.Ad-Hoc|iPhone.Deploy.0 = Release|Any CPU
		{F62B142C-6306-418C-A779-5133291E6A22}.Ad-Hoc|iPhoneSimulator.ActiveCfg = Release|Any CPU
		{F62B142C-6306-418C-A779-5133291E6A22}.Ad-Hoc|iPhoneSimulator.Build.0 = Release|Any CPU
		{F62B142C-6306-418C-A779-5133291E6A22}.Ad-Hoc|iPhoneSimulator.Deploy.0 = Release|Any CPU
		{F62B142C-6306-418C-A779-5133291E6A22}.AppStore|Any CPU.ActiveCfg = Release|Any CPU
		{F62B142C-6306-418C-A779-5133291E6A22}.AppStore|Any CPU.Build.0 = Release|Any CPU
		{F62B142C-6306-418C-A779-5133291E6A22}.AppStore|Any CPU.Deploy.0 = Release|Any CPU
		{F62B142C-6306-418C-A779-5133291E6A22}.AppStore|iPhone.ActiveCfg = Release|Any CPU
		{F62B142C-6306-418C-A779-5133291E6A22}.AppStore|iPhone.Build.0 = Release|Any CPU
		{F62B142C-6306-418C-A779-5133291E6A22}.AppStore|iPhone.Deploy.0 = Release|Any CPU
		{F62B142C-6306-418C-A779-5133291E6A22}.AppStore|iPhoneSimulator.ActiveCfg = Release|Any CPU
		{F62B142C-6306-418C-A779-5133291E6A22}.AppStore|iPhoneSimulator.Build.0 = Release|Any CPU
		{F62B142C-6306-418C-A779-5133291E6A22}.AppStore|iPhoneSimulator.Deploy.0 = Release|Any CPU
		{F62B142C-6306-418C-A779-5133291E6A22}.Debug|Any CPU.ActiveCfg = Debug|Any CPU
		{F62B142C-6306-418C-A779-5133291E6A22}.Debug|Any CPU.Build.0 = Debug|Any CPU
		{F62B142C-6306-418C-A779-5133291E6A22}.Debug|Any CPU.Deploy.0 = Debug|Any CPU
		{F62B142C-6306-418C-A779-5133291E6A22}.Debug|iPhone.ActiveCfg = Debug|Any CPU
		{F62B142C-6306-418C-A779-5133291E6A22}.Debug|iPhone.Build.0 = Debug|Any CPU
		{F62B142C-6306-418C-A779-5133291E6A22}.Debug|iPhone.Deploy.0 = Debug|Any CPU
		{F62B142C-6306-418C-A779-5133291E6A22}.Debug|iPhoneSimulator.ActiveCfg = Debug|Any CPU
		{F62B142C-6306-418C-A779-5133291E6A22}.Debug|iPhoneSimulator.Build.0 = Debug|Any CPU
		{F62B142C-6306-418C-A779-5133291E6A22}.Debug|iPhoneSimulator.Deploy.0 = Debug|Any CPU
		{F62B142C-6306-418C-A779-5133291E6A22}.Release|Any CPU.ActiveCfg = Release|Any CPU
		{F62B142C-6306-418C-A779-5133291E6A22}.Release|Any CPU.Build.0 = Release|Any CPU
		{F62B142C-6306-418C-A779-5133291E6A22}.Release|Any CPU.Deploy.0 = Release|Any CPU
		{F62B142C-6306-418C-A779-5133291E6A22}.Release|iPhone.ActiveCfg = Release|Any CPU
		{F62B142C-6306-418C-A779-5133291E6A22}.Release|iPhone.Build.0 = Release|Any CPU
		{F62B142C-6306-418C-A779-5133291E6A22}.Release|iPhone.Deploy.0 = Release|Any CPU
		{F62B142C-6306-418C-A779-5133291E6A22}.Release|iPhoneSimulator.ActiveCfg = Release|Any CPU
		{F62B142C-6306-418C-A779-5133291E6A22}.Release|iPhoneSimulator.Build.0 = Release|Any CPU
		{F62B142C-6306-418C-A779-5133291E6A22}.Release|iPhoneSimulator.Deploy.0 = Release|Any CPU
		{E9DA0833-A336-45D3-84F0-6703D0A0570A}.Ad-Hoc|Any CPU.ActiveCfg = Ad-Hoc|iPhone
		{E9DA0833-A336-45D3-84F0-6703D0A0570A}.Ad-Hoc|iPhone.ActiveCfg = Ad-Hoc|iPhone
		{E9DA0833-A336-45D3-84F0-6703D0A0570A}.Ad-Hoc|iPhone.Build.0 = Ad-Hoc|iPhone
		{E9DA0833-A336-45D3-84F0-6703D0A0570A}.Ad-Hoc|iPhoneSimulator.ActiveCfg = Ad-Hoc|iPhoneSimulator
		{E9DA0833-A336-45D3-84F0-6703D0A0570A}.Ad-Hoc|iPhoneSimulator.Build.0 = Ad-Hoc|iPhoneSimulator
		{E9DA0833-A336-45D3-84F0-6703D0A0570A}.AppStore|Any CPU.ActiveCfg = AppStore|iPhone
		{E9DA0833-A336-45D3-84F0-6703D0A0570A}.AppStore|iPhone.ActiveCfg = AppStore|iPhone
		{E9DA0833-A336-45D3-84F0-6703D0A0570A}.AppStore|iPhone.Build.0 = AppStore|iPhone
		{E9DA0833-A336-45D3-84F0-6703D0A0570A}.AppStore|iPhoneSimulator.ActiveCfg = AppStore|iPhoneSimulator
		{E9DA0833-A336-45D3-84F0-6703D0A0570A}.AppStore|iPhoneSimulator.Build.0 = AppStore|iPhoneSimulator
		{E9DA0833-A336-45D3-84F0-6703D0A0570A}.Debug|Any CPU.ActiveCfg = Debug|iPhone
		{E9DA0833-A336-45D3-84F0-6703D0A0570A}.Debug|iPhone.ActiveCfg = Debug|iPhone
		{E9DA0833-A336-45D3-84F0-6703D0A0570A}.Debug|iPhone.Build.0 = Debug|iPhone
		{E9DA0833-A336-45D3-84F0-6703D0A0570A}.Debug|iPhoneSimulator.ActiveCfg = Debug|iPhoneSimulator
		{E9DA0833-A336-45D3-84F0-6703D0A0570A}.Debug|iPhoneSimulator.Build.0 = Debug|iPhoneSimulator
		{E9DA0833-A336-45D3-84F0-6703D0A0570A}.Release|Any CPU.ActiveCfg = Release|iPhone
		{E9DA0833-A336-45D3-84F0-6703D0A0570A}.Release|iPhone.ActiveCfg = Release|iPhone
		{E9DA0833-A336-45D3-84F0-6703D0A0570A}.Release|iPhone.Build.0 = Release|iPhone
		{E9DA0833-A336-45D3-84F0-6703D0A0570A}.Release|iPhoneSimulator.ActiveCfg = Release|iPhoneSimulator
		{E9DA0833-A336-45D3-84F0-6703D0A0570A}.Release|iPhoneSimulator.Build.0 = Release|iPhoneSimulator
		{806DD0AF-C42D-4303-9BB9-DA12998677E4}.Ad-Hoc|Any CPU.ActiveCfg = Debug|Any CPU
		{806DD0AF-C42D-4303-9BB9-DA12998677E4}.Ad-Hoc|Any CPU.Build.0 = Debug|Any CPU
		{806DD0AF-C42D-4303-9BB9-DA12998677E4}.Ad-Hoc|iPhone.ActiveCfg = Debug|Any CPU
		{806DD0AF-C42D-4303-9BB9-DA12998677E4}.Ad-Hoc|iPhone.Build.0 = Debug|Any CPU
		{806DD0AF-C42D-4303-9BB9-DA12998677E4}.Ad-Hoc|iPhoneSimulator.ActiveCfg = Debug|Any CPU
		{806DD0AF-C42D-4303-9BB9-DA12998677E4}.Ad-Hoc|iPhoneSimulator.Build.0 = Debug|Any CPU
		{806DD0AF-C42D-4303-9BB9-DA12998677E4}.AppStore|Any CPU.ActiveCfg = Debug|Any CPU
		{806DD0AF-C42D-4303-9BB9-DA12998677E4}.AppStore|Any CPU.Build.0 = Debug|Any CPU
		{806DD0AF-C42D-4303-9BB9-DA12998677E4}.AppStore|iPhone.ActiveCfg = Debug|Any CPU
		{806DD0AF-C42D-4303-9BB9-DA12998677E4}.AppStore|iPhone.Build.0 = Debug|Any CPU
		{806DD0AF-C42D-4303-9BB9-DA12998677E4}.AppStore|iPhoneSimulator.ActiveCfg = Debug|Any CPU
		{806DD0AF-C42D-4303-9BB9-DA12998677E4}.AppStore|iPhoneSimulator.Build.0 = Debug|Any CPU
		{806DD0AF-C42D-4303-9BB9-DA12998677E4}.Debug|Any CPU.ActiveCfg = Debug|Any CPU
		{806DD0AF-C42D-4303-9BB9-DA12998677E4}.Debug|Any CPU.Build.0 = Debug|Any CPU
		{806DD0AF-C42D-4303-9BB9-DA12998677E4}.Debug|iPhone.ActiveCfg = Debug|Any CPU
		{806DD0AF-C42D-4303-9BB9-DA12998677E4}.Debug|iPhone.Build.0 = Debug|Any CPU
		{806DD0AF-C42D-4303-9BB9-DA12998677E4}.Debug|iPhoneSimulator.ActiveCfg = Debug|Any CPU
		{806DD0AF-C42D-4303-9BB9-DA12998677E4}.Debug|iPhoneSimulator.Build.0 = Debug|Any CPU
		{806DD0AF-C42D-4303-9BB9-DA12998677E4}.Release|Any CPU.ActiveCfg = Release|Any CPU
		{806DD0AF-C42D-4303-9BB9-DA12998677E4}.Release|Any CPU.Build.0 = Release|Any CPU
		{806DD0AF-C42D-4303-9BB9-DA12998677E4}.Release|iPhone.ActiveCfg = Release|Any CPU
		{806DD0AF-C42D-4303-9BB9-DA12998677E4}.Release|iPhone.Build.0 = Release|Any CPU
		{806DD0AF-C42D-4303-9BB9-DA12998677E4}.Release|iPhoneSimulator.ActiveCfg = Release|Any CPU
		{806DD0AF-C42D-4303-9BB9-DA12998677E4}.Release|iPhoneSimulator.Build.0 = Release|Any CPU
		{F9F58EA2-F4A7-4359-ADDE-2167AC4518E6}.Ad-Hoc|Any CPU.ActiveCfg = Release|Any CPU
		{F9F58EA2-F4A7-4359-ADDE-2167AC4518E6}.Ad-Hoc|Any CPU.Build.0 = Release|Any CPU
		{F9F58EA2-F4A7-4359-ADDE-2167AC4518E6}.Ad-Hoc|Any CPU.Deploy.0 = Release|Any CPU
		{F9F58EA2-F4A7-4359-ADDE-2167AC4518E6}.Ad-Hoc|iPhone.ActiveCfg = Release|Any CPU
		{F9F58EA2-F4A7-4359-ADDE-2167AC4518E6}.Ad-Hoc|iPhone.Build.0 = Release|Any CPU
		{F9F58EA2-F4A7-4359-ADDE-2167AC4518E6}.Ad-Hoc|iPhone.Deploy.0 = Release|Any CPU
		{F9F58EA2-F4A7-4359-ADDE-2167AC4518E6}.Ad-Hoc|iPhoneSimulator.ActiveCfg = Release|Any CPU
		{F9F58EA2-F4A7-4359-ADDE-2167AC4518E6}.Ad-Hoc|iPhoneSimulator.Build.0 = Release|Any CPU
		{F9F58EA2-F4A7-4359-ADDE-2167AC4518E6}.Ad-Hoc|iPhoneSimulator.Deploy.0 = Release|Any CPU
		{F9F58EA2-F4A7-4359-ADDE-2167AC4518E6}.AppStore|Any CPU.ActiveCfg = Release|Any CPU
		{F9F58EA2-F4A7-4359-ADDE-2167AC4518E6}.AppStore|Any CPU.Build.0 = Release|Any CPU
		{F9F58EA2-F4A7-4359-ADDE-2167AC4518E6}.AppStore|Any CPU.Deploy.0 = Release|Any CPU
		{F9F58EA2-F4A7-4359-ADDE-2167AC4518E6}.AppStore|iPhone.ActiveCfg = Release|Any CPU
		{F9F58EA2-F4A7-4359-ADDE-2167AC4518E6}.AppStore|iPhone.Build.0 = Release|Any CPU
		{F9F58EA2-F4A7-4359-ADDE-2167AC4518E6}.AppStore|iPhone.Deploy.0 = Release|Any CPU
		{F9F58EA2-F4A7-4359-ADDE-2167AC4518E6}.AppStore|iPhoneSimulator.ActiveCfg = Release|Any CPU
		{F9F58EA2-F4A7-4359-ADDE-2167AC4518E6}.AppStore|iPhoneSimulator.Build.0 = Release|Any CPU
		{F9F58EA2-F4A7-4359-ADDE-2167AC4518E6}.AppStore|iPhoneSimulator.Deploy.0 = Release|Any CPU
		{F9F58EA2-F4A7-4359-ADDE-2167AC4518E6}.Debug|Any CPU.ActiveCfg = Debug|Any CPU
		{F9F58EA2-F4A7-4359-ADDE-2167AC4518E6}.Debug|Any CPU.Build.0 = Debug|Any CPU
		{F9F58EA2-F4A7-4359-ADDE-2167AC4518E6}.Debug|Any CPU.Deploy.0 = Debug|Any CPU
		{F9F58EA2-F4A7-4359-ADDE-2167AC4518E6}.Debug|iPhone.ActiveCfg = Debug|Any CPU
		{F9F58EA2-F4A7-4359-ADDE-2167AC4518E6}.Debug|iPhone.Build.0 = Debug|Any CPU
		{F9F58EA2-F4A7-4359-ADDE-2167AC4518E6}.Debug|iPhone.Deploy.0 = Debug|Any CPU
		{F9F58EA2-F4A7-4359-ADDE-2167AC4518E6}.Debug|iPhoneSimulator.ActiveCfg = Debug|Any CPU
		{F9F58EA2-F4A7-4359-ADDE-2167AC4518E6}.Debug|iPhoneSimulator.Build.0 = Debug|Any CPU
		{F9F58EA2-F4A7-4359-ADDE-2167AC4518E6}.Debug|iPhoneSimulator.Deploy.0 = Debug|Any CPU
		{F9F58EA2-F4A7-4359-ADDE-2167AC4518E6}.Release|Any CPU.ActiveCfg = Release|Any CPU
		{F9F58EA2-F4A7-4359-ADDE-2167AC4518E6}.Release|Any CPU.Build.0 = Release|Any CPU
		{F9F58EA2-F4A7-4359-ADDE-2167AC4518E6}.Release|Any CPU.Deploy.0 = Release|Any CPU
		{F9F58EA2-F4A7-4359-ADDE-2167AC4518E6}.Release|iPhone.ActiveCfg = Release|Any CPU
		{F9F58EA2-F4A7-4359-ADDE-2167AC4518E6}.Release|iPhone.Build.0 = Release|Any CPU
		{F9F58EA2-F4A7-4359-ADDE-2167AC4518E6}.Release|iPhone.Deploy.0 = Release|Any CPU
		{F9F58EA2-F4A7-4359-ADDE-2167AC4518E6}.Release|iPhoneSimulator.ActiveCfg = Release|Any CPU
		{F9F58EA2-F4A7-4359-ADDE-2167AC4518E6}.Release|iPhoneSimulator.Build.0 = Release|Any CPU
		{F9F58EA2-F4A7-4359-ADDE-2167AC4518E6}.Release|iPhoneSimulator.Deploy.0 = Release|Any CPU
		{566D77B6-85C9-41D8-84F6-10782764CCBE}.Ad-Hoc|Any CPU.ActiveCfg = Ad-Hoc|iPhone
		{566D77B6-85C9-41D8-84F6-10782764CCBE}.Ad-Hoc|iPhone.ActiveCfg = Ad-Hoc|iPhone
		{566D77B6-85C9-41D8-84F6-10782764CCBE}.Ad-Hoc|iPhone.Build.0 = Ad-Hoc|iPhone
		{566D77B6-85C9-41D8-84F6-10782764CCBE}.Ad-Hoc|iPhoneSimulator.ActiveCfg = Ad-Hoc|iPhoneSimulator
		{566D77B6-85C9-41D8-84F6-10782764CCBE}.Ad-Hoc|iPhoneSimulator.Build.0 = Ad-Hoc|iPhoneSimulator
		{566D77B6-85C9-41D8-84F6-10782764CCBE}.AppStore|Any CPU.ActiveCfg = AppStore|iPhone
		{566D77B6-85C9-41D8-84F6-10782764CCBE}.AppStore|iPhone.ActiveCfg = AppStore|iPhone
		{566D77B6-85C9-41D8-84F6-10782764CCBE}.AppStore|iPhone.Build.0 = AppStore|iPhone
		{566D77B6-85C9-41D8-84F6-10782764CCBE}.AppStore|iPhoneSimulator.ActiveCfg = AppStore|iPhoneSimulator
		{566D77B6-85C9-41D8-84F6-10782764CCBE}.AppStore|iPhoneSimulator.Build.0 = AppStore|iPhoneSimulator
		{566D77B6-85C9-41D8-84F6-10782764CCBE}.Debug|Any CPU.ActiveCfg = Debug|iPhone
		{566D77B6-85C9-41D8-84F6-10782764CCBE}.Debug|iPhone.ActiveCfg = Debug|iPhone
		{566D77B6-85C9-41D8-84F6-10782764CCBE}.Debug|iPhone.Build.0 = Debug|iPhone
		{566D77B6-85C9-41D8-84F6-10782764CCBE}.Debug|iPhoneSimulator.ActiveCfg = Debug|iPhoneSimulator
		{566D77B6-85C9-41D8-84F6-10782764CCBE}.Debug|iPhoneSimulator.Build.0 = Debug|iPhoneSimulator
		{566D77B6-85C9-41D8-84F6-10782764CCBE}.Release|Any CPU.ActiveCfg = Release|iPhone
		{566D77B6-85C9-41D8-84F6-10782764CCBE}.Release|iPhone.ActiveCfg = Release|iPhone
		{566D77B6-85C9-41D8-84F6-10782764CCBE}.Release|iPhone.Build.0 = Release|iPhone
		{566D77B6-85C9-41D8-84F6-10782764CCBE}.Release|iPhoneSimulator.ActiveCfg = Release|iPhoneSimulator
		{566D77B6-85C9-41D8-84F6-10782764CCBE}.Release|iPhoneSimulator.Build.0 = Release|iPhoneSimulator
		{F8A416CC-79DD-4780-A20F-1BCB456B590E}.Ad-Hoc|Any CPU.ActiveCfg = Debug|Any CPU
		{F8A416CC-79DD-4780-A20F-1BCB456B590E}.Ad-Hoc|Any CPU.Build.0 = Debug|Any CPU
		{F8A416CC-79DD-4780-A20F-1BCB456B590E}.Ad-Hoc|iPhone.ActiveCfg = Debug|Any CPU
		{F8A416CC-79DD-4780-A20F-1BCB456B590E}.Ad-Hoc|iPhone.Build.0 = Debug|Any CPU
		{F8A416CC-79DD-4780-A20F-1BCB456B590E}.Ad-Hoc|iPhoneSimulator.ActiveCfg = Debug|Any CPU
		{F8A416CC-79DD-4780-A20F-1BCB456B590E}.Ad-Hoc|iPhoneSimulator.Build.0 = Debug|Any CPU
		{F8A416CC-79DD-4780-A20F-1BCB456B590E}.AppStore|Any CPU.ActiveCfg = Debug|Any CPU
		{F8A416CC-79DD-4780-A20F-1BCB456B590E}.AppStore|Any CPU.Build.0 = Debug|Any CPU
		{F8A416CC-79DD-4780-A20F-1BCB456B590E}.AppStore|iPhone.ActiveCfg = Debug|Any CPU
		{F8A416CC-79DD-4780-A20F-1BCB456B590E}.AppStore|iPhone.Build.0 = Debug|Any CPU
		{F8A416CC-79DD-4780-A20F-1BCB456B590E}.AppStore|iPhoneSimulator.ActiveCfg = Debug|Any CPU
		{F8A416CC-79DD-4780-A20F-1BCB456B590E}.AppStore|iPhoneSimulator.Build.0 = Debug|Any CPU
		{F8A416CC-79DD-4780-A20F-1BCB456B590E}.Debug|Any CPU.ActiveCfg = Debug|Any CPU
		{F8A416CC-79DD-4780-A20F-1BCB456B590E}.Debug|Any CPU.Build.0 = Debug|Any CPU
		{F8A416CC-79DD-4780-A20F-1BCB456B590E}.Debug|iPhone.ActiveCfg = Debug|Any CPU
		{F8A416CC-79DD-4780-A20F-1BCB456B590E}.Debug|iPhone.Build.0 = Debug|Any CPU
		{F8A416CC-79DD-4780-A20F-1BCB456B590E}.Debug|iPhoneSimulator.ActiveCfg = Debug|Any CPU
		{F8A416CC-79DD-4780-A20F-1BCB456B590E}.Debug|iPhoneSimulator.Build.0 = Debug|Any CPU
		{F8A416CC-79DD-4780-A20F-1BCB456B590E}.Release|Any CPU.ActiveCfg = Release|Any CPU
		{F8A416CC-79DD-4780-A20F-1BCB456B590E}.Release|Any CPU.Build.0 = Release|Any CPU
		{F8A416CC-79DD-4780-A20F-1BCB456B590E}.Release|iPhone.ActiveCfg = Release|Any CPU
		{F8A416CC-79DD-4780-A20F-1BCB456B590E}.Release|iPhone.Build.0 = Release|Any CPU
		{F8A416CC-79DD-4780-A20F-1BCB456B590E}.Release|iPhoneSimulator.ActiveCfg = Release|Any CPU
		{F8A416CC-79DD-4780-A20F-1BCB456B590E}.Release|iPhoneSimulator.Build.0 = Release|Any CPU
	EndGlobalSection
	GlobalSection(SolutionProperties) = preSolution
		HideSolutionNode = FALSE
	EndGlobalSection
	GlobalSection(ExtensibilityGlobals) = postSolution
		SolutionGuid = {3D9BE78B-632B-4AC9-9BF1-AD3566FC27E7}
	EndGlobalSection
EndGlobal
